Microsoft Visual Studio Solution File, Format Version 11.00
# Visual Studio 2008

Project("{9798FDFD-D53D-CA4A-A892-501B05D49552}") = "SimpleProceduralTerrain", "Assembly-CSharp-firstpass-vs.csproj", "{BD9498AD-2BF1-CC69-E2EB-21D8A163570C}"
EndProject
Project("{9798FDFD-D53D-CA4A-A892-501B05D49552}") = "SimpleProceduralTerrain", "Assembly-CSharp-vs.csproj", "{E77D23CC-E9BC-295F-7882-74A28F544B36}"
EndProject
Global
	GlobalSection(SolutionConfigurationPlatforms) = preSolution
		Debug|Any CPU = Debug|Any CPU
		Release|Any CPU = Release|Any CPU
	EndGlobalSection
	GlobalSection(ProjectConfigurationPlatforms) = postSolution
		{BD9498AD-2BF1-CC69-E2EB-21D8A163570C}.Debug|Any CPU.ActiveCfg = Debug|Any CPU
		{BD9498AD-2BF1-CC69-E2EB-21D8A163570C}.Debug|Any CPU.Build.0 = Debug|Any CPU
		{BD9498AD-2BF1-CC69-E2EB-21D8A163570C}.Release|Any CPU.ActiveCfg = Release|Any CPU
		{BD9498AD-2BF1-CC69-E2EB-21D8A163570C}.Release|Any CPU.Build.0 = Release|Any CPU
		{E77D23CC-E9BC-295F-7882-74A28F544B36}.Debug|Any CPU.ActiveCfg = Debug|Any CPU
		{E77D23CC-E9BC-295F-7882-74A28F544B36}.Debug|Any CPU.Build.0 = Debug|Any CPU
		{E77D23CC-E9BC-295F-7882-74A28F544B36}.Release|Any CPU.ActiveCfg = Release|Any CPU
		{E77D23CC-E9BC-295F-7882-74A28F544B36}.Release|Any CPU.Build.0 = Release|Any CPU
	EndGlobalSection
	GlobalSection(SolutionProperties) = preSolution
		HideSolutionNode = FALSE
	EndGlobalSection
																																																						GlobalSection(MonoDevelopProperties) = preSolution
		StartupItem = Assembly-CSharp.csproj
		Policies = $0
		$0.TextStylePolicy = $1
		$1.inheritsSet = null
		$1.scope = text/x-csharp
		$0.CSharpFormattingPolicy = $2
		$2.inheritsSet = Mono
		$2.inheritsScope = text/x-csharp
		$2.scope = text/x-csharp
		$0.TextStylePolicy = $3
		$3.FileWidth = 120
		$3.TabWidth = 4
		$3.EolMarker = Unix
		$3.inheritsSet = Mono
		$3.inheritsScope = text/plain
		$3.scope = text/plain
	EndGlobalSection

EndGlobal
